// !$*UTF8*$!
{
	archiveVersion = 1;
	classes = {
	};
	objectVersion = 46;
	objects = {

/* Begin PBXBuildFile section */
		607FACD61AFB9204008FA782 /* AppDelegate.swift in Sources */ = {isa = PBXBuildFile; fileRef = 607FACD51AFB9204008FA782 /* AppDelegate.swift */; };
		607FACD81AFB9204008FA782 /* ViewController.swift in Sources */ = {isa = PBXBuildFile; fileRef = 607FACD71AFB9204008FA782 /* ViewController.swift */; };
		607FACDD1AFB9204008FA782 /* Images.xcassets in Resources */ = {isa = PBXBuildFile; fileRef = 607FACDC1AFB9204008FA782 /* Images.xcassets */; };
		607FACE01AFB9204008FA782 /* LaunchScreen.xib in Resources */ = {isa = PBXBuildFile; fileRef = 607FACDE1AFB9204008FA782 /* LaunchScreen.xib */; };
		607FACEC1AFB9204008FA782 /* Tests.swift in Sources */ = {isa = PBXBuildFile; fileRef = 607FACEB1AFB9204008FA782 /* Tests.swift */; };
		B04ECC5E238D28900068957D /* DateHelpViewController.swift in Sources */ = {isa = PBXBuildFile; fileRef = B04ECC58238D28900068957D /* DateHelpViewController.swift */; };
		B04ECC5F238D28900068957D /* ShowDeviceInfoViewController.swift in Sources */ = {isa = PBXBuildFile; fileRef = B04ECC5A238D28900068957D /* ShowDeviceInfoViewController.swift */; };
		B04ECC60238D28900068957D /* ShowNetImageViewController.swift in Sources */ = {isa = PBXBuildFile; fileRef = B04ECC5C238D28900068957D /* ShowNetImageViewController.swift */; };
		B04ECC61238D28900068957D /* ShowLocalImageViewController.swift in Sources */ = {isa = PBXBuildFile; fileRef = B04ECC5D238D28900068957D /* ShowLocalImageViewController.swift */; };
		B04ECC7B238D28990068957D /* StringViewController.swift in Sources */ = {isa = PBXBuildFile; fileRef = B04ECC63238D28980068957D /* StringViewController.swift */; };
		B04ECC7C238D28990068957D /* VerifyDataViewController.swift in Sources */ = {isa = PBXBuildFile; fileRef = B04ECC65238D28990068957D /* VerifyDataViewController.swift */; };
		B04ECC7D238D28990068957D /* RequestViewController.swift in Sources */ = {isa = PBXBuildFile; fileRef = B04ECC67238D28990068957D /* RequestViewController.swift */; };
		B04ECC7E238D28990068957D /* Area.plist in Resources */ = {isa = PBXBuildFile; fileRef = B04ECC69238D28990068957D /* Area.plist */; };
		B04ECC7F238D28990068957D /* Province.plist in Resources */ = {isa = PBXBuildFile; fileRef = B04ECC6A238D28990068957D /* Province.plist */; };
		B04ECC80238D28990068957D /* ShowPickerViewController.swift in Sources */ = {isa = PBXBuildFile; fileRef = B04ECC6B238D28990068957D /* ShowPickerViewController.swift */; };
		B04ECC81238D28990068957D /* City.plist in Resources */ = {isa = PBXBuildFile; fileRef = B04ECC6C238D28990068957D /* City.plist */; };
		B04ECC82238D28990068957D /* ShowMyViewViewController.swift in Sources */ = {isa = PBXBuildFile; fileRef = B04ECC6E238D28990068957D /* ShowMyViewViewController.swift */; };
		B04ECC83238D28990068957D /* ShowMyViewDetailViewController.swift in Sources */ = {isa = PBXBuildFile; fileRef = B04ECC6F238D28990068957D /* ShowMyViewDetailViewController.swift */; };
		B04ECC84238D28990068957D /* MyScrollViewController.swift in Sources */ = {isa = PBXBuildFile; fileRef = B04ECC71238D28990068957D /* MyScrollViewController.swift */; };
		B04ECC85238D28990068957D /* MyListMenuViewController.swift in Sources */ = {isa = PBXBuildFile; fileRef = B04ECC72238D28990068957D /* MyListMenuViewController.swift */; };
		B04ECC86238D28990068957D /* MyWebViewController.swift in Sources */ = {isa = PBXBuildFile; fileRef = B04ECC73238D28990068957D /* MyWebViewController.swift */; };
		B04ECC87238D28990068957D /* MytableViewViewController.swift in Sources */ = {isa = PBXBuildFile; fileRef = B04ECC74238D28990068957D /* MytableViewViewController.swift */; };
		B04ECC88238D28990068957D /* MyAutoTableViewController.swift in Sources */ = {isa = PBXBuildFile; fileRef = B04ECC75238D28990068957D /* MyAutoTableViewController.swift */; };
		B04ECC89238D28990068957D /* MyMenuViewController.swift in Sources */ = {isa = PBXBuildFile; fileRef = B04ECC76238D28990068957D /* MyMenuViewController.swift */; };
		B04ECC8A238D28990068957D /* ShowLocalNotiViewController.swift in Sources */ = {isa = PBXBuildFile; fileRef = B04ECC78238D28990068957D /* ShowLocalNotiViewController.swift */; };
		B04ECC8B238D28990068957D /* KeyChainViewController.swift in Sources */ = {isa = PBXBuildFile; fileRef = B04ECC7A238D28990068957D /* KeyChainViewController.swift */; };
		B0580C5723A0CE8600506737 /* ShowMyNetWorkViewController.swift in Sources */ = {isa = PBXBuildFile; fileRef = B0580C5623A0CE8600506737 /* ShowMyNetWorkViewController.swift */; };
		B0764BA8242EFCA80047FE54 /* CryptoViewController.swift in Sources */ = {isa = PBXBuildFile; fileRef = B0764BA7242EFCA70047FE54 /* CryptoViewController.swift */; };
		B0764BAC242EFCB80047FE54 /* RealmDBWirhJSONViewController.swift in Sources */ = {isa = PBXBuildFile; fileRef = B0764BAA242EFCB80047FE54 /* RealmDBWirhJSONViewController.swift */; };
		B0764BAD242EFCB80047FE54 /* RealmDBViewController.swift in Sources */ = {isa = PBXBuildFile; fileRef = B0764BAB242EFCB80047FE54 /* RealmDBViewController.swift */; };
		B0764BB0242EFCBE0047FE54 /* ShowPDFViewController.swift in Sources */ = {isa = PBXBuildFile; fileRef = B0764BAF242EFCBE0047FE54 /* ShowPDFViewController.swift */; };
		B0764BB2242EFE200047FE54 /* Main.storyboard in Resources */ = {isa = PBXBuildFile; fileRef = B0764BB1242EFE200047FE54 /* Main.storyboard */; };
		B0764BB4242EFFCC0047FE54 /* 未命名.gif in Resources */ = {isa = PBXBuildFile; fileRef = B0764BB3242EFFCC0047FE54 /* 未命名.gif */; };
		B0764BB7242F31040047FE54 /* ListBaseUIViewController.swift in Sources */ = {isa = PBXBuildFile; fileRef = B0764BB6242F31040047FE54 /* ListBaseUIViewController.swift */; };
		B0D9B763239DCFC3005CB4FA /* ShowFilterViewController.swift in Sources */ = {isa = PBXBuildFile; fileRef = B0D9B762239DCFC3005CB4FA /* ShowFilterViewController.swift */; };
		B0D9B766239DCFC7005CB4FA /* ShowAVPlayerViewController.swift in Sources */ = {isa = PBXBuildFile; fileRef = B0D9B765239DCFC7005CB4FA /* ShowAVPlayerViewController.swift */; };
		B0D9B769239DCFC9005CB4FA /* ShowMySearchAndTableViewController.swift in Sources */ = {isa = PBXBuildFile; fileRef = B0D9B768239DCFC9005CB4FA /* ShowMySearchAndTableViewController.swift */; };
		B0D9B76D239DCFCD005CB4FA /* ShowSegmentViewController.swift in Sources */ = {isa = PBXBuildFile; fileRef = B0D9B76B239DCFCD005CB4FA /* ShowSegmentViewController.swift */; };
		B0D9B76E239DCFCD005CB4FA /* ListBaseViewController.swift in Sources */ = {isa = PBXBuildFile; fileRef = B0D9B76C239DCFCD005CB4FA /* ListBaseViewController.swift */; };
		D23D7D1100DE51370AE197D6 /* Pods_SwiftLeeTools_Example.framework in Frameworks */ = {isa = PBXBuildFile; fileRef = 8BFDEBA26B22B70D9D86C8ED /* Pods_SwiftLeeTools_Example.framework */; };
		E414CA9BA44CEAA861E8B20D /* Pods_SwiftLeeTools_Tests.framework in Frameworks */ = {isa = PBXBuildFile; fileRef = 9BD62F66B5F77A642C7273C1 /* Pods_SwiftLeeTools_Tests.framework */; };
/* End PBXBuildFile section */

/* Begin PBXContainerItemProxy section */
		607FACE61AFB9204008FA782 /* PBXContainerItemProxy */ = {
			isa = PBXContainerItemProxy;
			containerPortal = 607FACC81AFB9204008FA782 /* Project object */;
			proxyType = 1;
			remoteGlobalIDString = 607FACCF1AFB9204008FA782;
			remoteInfo = SwiftLeeTools;
		};
/* End PBXContainerItemProxy section */

/* Begin PBXFileReference section */
		03C2BC4490E296939E32771F /* README.md */ = {isa = PBXFileReference; includeInIndex = 1; lastKnownFileType = net.daringfireball.markdown; name = README.md; path = ../README.md; sourceTree = "<group>"; };
		06F087BD3BFA2CC36761ACFE /* Pods-SwiftLeeTools_Tests.release.xcconfig */ = {isa = PBXFileReference; includeInIndex = 1; lastKnownFileType = text.xcconfig; name = "Pods-SwiftLeeTools_Tests.release.xcconfig"; path = "Target Support Files/Pods-SwiftLeeTools_Tests/Pods-SwiftLeeTools_Tests.release.xcconfig"; sourceTree = "<group>"; };
		37CA9A3F5A642ECBB94331FD /* Pods-SwiftLeeTools_Example.release.xcconfig */ = {isa = PBXFileReference; includeInIndex = 1; lastKnownFileType = text.xcconfig; name = "Pods-SwiftLeeTools_Example.release.xcconfig"; path = "Target Support Files/Pods-SwiftLeeTools_Example/Pods-SwiftLeeTools_Example.release.xcconfig"; sourceTree = "<group>"; };
		607FACD01AFB9204008FA782 /* SwiftLeeTools_Example.app */ = {isa = PBXFileReference; explicitFileType = wrapper.application; includeInIndex = 0; path = SwiftLeeTools_Example.app; sourceTree = BUILT_PRODUCTS_DIR; };
		607FACD41AFB9204008FA782 /* Info.plist */ = {isa = PBXFileReference; lastKnownFileType = text.plist.xml; path = Info.plist; sourceTree = "<group>"; };
		607FACD51AFB9204008FA782 /* AppDelegate.swift */ = {isa = PBXFileReference; lastKnownFileType = sourcecode.swift; path = AppDelegate.swift; sourceTree = "<group>"; };
		607FACD71AFB9204008FA782 /* ViewController.swift */ = {isa = PBXFileReference; lastKnownFileType = sourcecode.swift; path = ViewController.swift; sourceTree = "<group>"; };
		607FACDC1AFB9204008FA782 /* Images.xcassets */ = {isa = PBXFileReference; lastKnownFileType = folder.assetcatalog; path = Images.xcassets; sourceTree = "<group>"; };
		607FACDF1AFB9204008FA782 /* Base */ = {isa = PBXFileReference; lastKnownFileType = file.xib; name = Base; path = Base.lproj/LaunchScreen.xib; sourceTree = "<group>"; };
		607FACE51AFB9204008FA782 /* SwiftLeeTools_Tests.xctest */ = {isa = PBXFileReference; explicitFileType = wrapper.cfbundle; includeInIndex = 0; path = SwiftLeeTools_Tests.xctest; sourceTree = BUILT_PRODUCTS_DIR; };
		607FACEA1AFB9204008FA782 /* Info.plist */ = {isa = PBXFileReference; lastKnownFileType = text.plist.xml; path = Info.plist; sourceTree = "<group>"; };
		607FACEB1AFB9204008FA782 /* Tests.swift */ = {isa = PBXFileReference; lastKnownFileType = sourcecode.swift; path = Tests.swift; sourceTree = "<group>"; };
		6AA6A54ADA9AEAC2E9E13DB8 /* SwiftLeeTools.podspec */ = {isa = PBXFileReference; includeInIndex = 1; lastKnownFileType = text; name = SwiftLeeTools.podspec; path = ../SwiftLeeTools.podspec; sourceTree = "<group>"; xcLanguageSpecificationIdentifier = xcode.lang.ruby; };
		7840398C573A9D890B82CA7A /* Pods-SwiftLeeTools_Tests.debug.xcconfig */ = {isa = PBXFileReference; includeInIndex = 1; lastKnownFileType = text.xcconfig; name = "Pods-SwiftLeeTools_Tests.debug.xcconfig"; path = "Target Support Files/Pods-SwiftLeeTools_Tests/Pods-SwiftLeeTools_Tests.debug.xcconfig"; sourceTree = "<group>"; };
		80D62711FD6A8A936B5BAE11 /* Pods-SwiftLeeTools_Example.debug.xcconfig */ = {isa = PBXFileReference; includeInIndex = 1; lastKnownFileType = text.xcconfig; name = "Pods-SwiftLeeTools_Example.debug.xcconfig"; path = "Target Support Files/Pods-SwiftLeeTools_Example/Pods-SwiftLeeTools_Example.debug.xcconfig"; sourceTree = "<group>"; };
		82C20FB9D9821A6FF5DFB687 /* LICENSE */ = {isa = PBXFileReference; includeInIndex = 1; lastKnownFileType = text; name = LICENSE; path = ../LICENSE; sourceTree = "<group>"; };
		8BFDEBA26B22B70D9D86C8ED /* Pods_SwiftLeeTools_Example.framework */ = {isa = PBXFileReference; explicitFileType = wrapper.framework; includeInIndex = 0; path = Pods_SwiftLeeTools_Example.framework; sourceTree = BUILT_PRODUCTS_DIR; };
		9BD62F66B5F77A642C7273C1 /* Pods_SwiftLeeTools_Tests.framework */ = {isa = PBXFileReference; explicitFileType = wrapper.framework; includeInIndex = 0; path = Pods_SwiftLeeTools_Tests.framework; sourceTree = BUILT_PRODUCTS_DIR; };
		B04ECC58238D28900068957D /* DateHelpViewController.swift */ = {isa = PBXFileReference; fileEncoding = 4; lastKnownFileType = sourcecode.swift; path = DateHelpViewController.swift; sourceTree = "<group>"; };
		B04ECC5A238D28900068957D /* ShowDeviceInfoViewController.swift */ = {isa = PBXFileReference; fileEncoding = 4; lastKnownFileType = sourcecode.swift; path = ShowDeviceInfoViewController.swift; sourceTree = "<group>"; };
		B04ECC5C238D28900068957D /* ShowNetImageViewController.swift */ = {isa = PBXFileReference; fileEncoding = 4; lastKnownFileType = sourcecode.swift; path = ShowNetImageViewController.swift; sourceTree = "<group>"; };
		B04ECC5D238D28900068957D /* ShowLocalImageViewController.swift */ = {isa = PBXFileReference; fileEncoding = 4; lastKnownFileType = sourcecode.swift; path = ShowLocalImageViewController.swift; sourceTree = "<group>"; };
		B04ECC63238D28980068957D /* StringViewController.swift */ = {isa = PBXFileReference; fileEncoding = 4; lastKnownFileType = sourcecode.swift; path = StringViewController.swift; sourceTree = "<group>"; };
		B04ECC65238D28990068957D /* VerifyDataViewController.swift */ = {isa = PBXFileReference; fileEncoding = 4; lastKnownFileType = sourcecode.swift; path = VerifyDataViewController.swift; sourceTree = "<group>"; };
		B04ECC67238D28990068957D /* RequestViewController.swift */ = {isa = PBXFileReference; fileEncoding = 4; lastKnownFileType = sourcecode.swift; path = RequestViewController.swift; sourceTree = "<group>"; };
		B04ECC69238D28990068957D /* Area.plist */ = {isa = PBXFileReference; fileEncoding = 4; lastKnownFileType = text.plist.xml; path = Area.plist; sourceTree = "<group>"; };
		B04ECC6A238D28990068957D /* Province.plist */ = {isa = PBXFileReference; fileEncoding = 4; lastKnownFileType = text.plist.xml; path = Province.plist; sourceTree = "<group>"; };
		B04ECC6B238D28990068957D /* ShowPickerViewController.swift */ = {isa = PBXFileReference; fileEncoding = 4; lastKnownFileType = sourcecode.swift; path = ShowPickerViewController.swift; sourceTree = "<group>"; };
		B04ECC6C238D28990068957D /* City.plist */ = {isa = PBXFileReference; fileEncoding = 4; lastKnownFileType = text.plist.xml; path = City.plist; sourceTree = "<group>"; };
		B04ECC6E238D28990068957D /* ShowMyViewViewController.swift */ = {isa = PBXFileReference; fileEncoding = 4; lastKnownFileType = sourcecode.swift; path = ShowMyViewViewController.swift; sourceTree = "<group>"; };
		B04ECC6F238D28990068957D /* ShowMyViewDetailViewController.swift */ = {isa = PBXFileReference; fileEncoding = 4; lastKnownFileType = sourcecode.swift; path = ShowMyViewDetailViewController.swift; sourceTree = "<group>"; };
		B04ECC71238D28990068957D /* MyScrollViewController.swift */ = {isa = PBXFileReference; fileEncoding = 4; lastKnownFileType = sourcecode.swift; path = MyScrollViewController.swift; sourceTree = "<group>"; };
		B04ECC72238D28990068957D /* MyListMenuViewController.swift */ = {isa = PBXFileReference; fileEncoding = 4; lastKnownFileType = sourcecode.swift; path = MyListMenuViewController.swift; sourceTree = "<group>"; };
		B04ECC73238D28990068957D /* MyWebViewController.swift */ = {isa = PBXFileReference; fileEncoding = 4; lastKnownFileType = sourcecode.swift; path = MyWebViewController.swift; sourceTree = "<group>"; };
		B04ECC74238D28990068957D /* MytableViewViewController.swift */ = {isa = PBXFileReference; fileEncoding = 4; lastKnownFileType = sourcecode.swift; path = MytableViewViewController.swift; sourceTree = "<group>"; };
		B04ECC75238D28990068957D /* MyAutoTableViewController.swift */ = {isa = PBXFileReference; fileEncoding = 4; lastKnownFileType = sourcecode.swift; path = MyAutoTableViewController.swift; sourceTree = "<group>"; };
		B04ECC76238D28990068957D /* MyMenuViewController.swift */ = {isa = PBXFileReference; fileEncoding = 4; lastKnownFileType = sourcecode.swift; path = MyMenuViewController.swift; sourceTree = "<group>"; };
		B04ECC78238D28990068957D /* ShowLocalNotiViewController.swift */ = {isa = PBXFileReference; fileEncoding = 4; lastKnownFileType = sourcecode.swift; path = ShowLocalNotiViewController.swift; sourceTree = "<group>"; };
		B04ECC7A238D28990068957D /* KeyChainViewController.swift */ = {isa = PBXFileReference; fileEncoding = 4; lastKnownFileType = sourcecode.swift; path = KeyChainViewController.swift; sourceTree = "<group>"; };
		B0580C5623A0CE8600506737 /* ShowMyNetWorkViewController.swift */ = {isa = PBXFileReference; fileEncoding = 4; lastKnownFileType = sourcecode.swift; path = ShowMyNetWorkViewController.swift; sourceTree = "<group>"; };
		B0764BA7242EFCA70047FE54 /* CryptoViewController.swift */ = {isa = PBXFileReference; fileEncoding = 4; lastKnownFileType = sourcecode.swift; path = CryptoViewController.swift; sourceTree = "<group>"; };
		B0764BAA242EFCB80047FE54 /* RealmDBWirhJSONViewController.swift */ = {isa = PBXFileReference; fileEncoding = 4; lastKnownFileType = sourcecode.swift; path = RealmDBWirhJSONViewController.swift; sourceTree = "<group>"; };
		B0764BAB242EFCB80047FE54 /* RealmDBViewController.swift */ = {isa = PBXFileReference; fileEncoding = 4; lastKnownFileType = sourcecode.swift; path = RealmDBViewController.swift; sourceTree = "<group>"; };
		B0764BAF242EFCBE0047FE54 /* ShowPDFViewController.swift */ = {isa = PBXFileReference; fileEncoding = 4; lastKnownFileType = sourcecode.swift; path = ShowPDFViewController.swift; sourceTree = "<group>"; };
		B0764BB1242EFE200047FE54 /* Main.storyboard */ = {isa = PBXFileReference; fileEncoding = 4; lastKnownFileType = file.storyboard; path = Main.storyboard; sourceTree = "<group>"; };
		B0764BB3242EFFCC0047FE54 /* 未命名.gif */ = {isa = PBXFileReference; lastKnownFileType = image.gif; path = "未命名.gif"; sourceTree = "<group>"; };
		B0764BB6242F31040047FE54 /* ListBaseUIViewController.swift */ = {isa = PBXFileReference; lastKnownFileType = sourcecode.swift; path = ListBaseUIViewController.swift; sourceTree = "<group>"; };
		B0D9B762239DCFC3005CB4FA /* ShowFilterViewController.swift */ = {isa = PBXFileReference; fileEncoding = 4; lastKnownFileType = sourcecode.swift; path = ShowFilterViewController.swift; sourceTree = "<group>"; };
		B0D9B765239DCFC7005CB4FA /* ShowAVPlayerViewController.swift */ = {isa = PBXFileReference; fileEncoding = 4; lastKnownFileType = sourcecode.swift; path = ShowAVPlayerViewController.swift; sourceTree = "<group>"; };
		B0D9B768239DCFC9005CB4FA /* ShowMySearchAndTableViewController.swift */ = {isa = PBXFileReference; fileEncoding = 4; lastKnownFileType = sourcecode.swift; path = ShowMySearchAndTableViewController.swift; sourceTree = "<group>"; };
		B0D9B76B239DCFCD005CB4FA /* ShowSegmentViewController.swift */ = {isa = PBXFileReference; fileEncoding = 4; lastKnownFileType = sourcecode.swift; path = ShowSegmentViewController.swift; sourceTree = "<group>"; };
		B0D9B76C239DCFCD005CB4FA /* ListBaseViewController.swift */ = {isa = PBXFileReference; fileEncoding = 4; lastKnownFileType = sourcecode.swift; path = ListBaseViewController.swift; sourceTree = "<group>"; };
/* End PBXFileReference section */

/* Begin PBXFrameworksBuildPhase section */
		607FACCD1AFB9204008FA782 /* Frameworks */ = {
			isa = PBXFrameworksBuildPhase;
			buildActionMask = 2147483647;
			files = (
				D23D7D1100DE51370AE197D6 /* Pods_SwiftLeeTools_Example.framework in Frameworks */,
			);
			runOnlyForDeploymentPostprocessing = 0;
		};
		607FACE21AFB9204008FA782 /* Frameworks */ = {
			isa = PBXFrameworksBuildPhase;
			buildActionMask = 2147483647;
			files = (
				E414CA9BA44CEAA861E8B20D /* Pods_SwiftLeeTools_Tests.framework in Frameworks */,
			);
			runOnlyForDeploymentPostprocessing = 0;
		};
/* End PBXFrameworksBuildPhase section */

/* Begin PBXGroup section */
		607FACC71AFB9204008FA782 = {
			isa = PBXGroup;
			children = (
				B0764BB3242EFFCC0047FE54 /* 未命名.gif */,
				607FACF51AFB993E008FA782 /* Podspec Metadata */,
				607FACD21AFB9204008FA782 /* Example for SwiftLeeTools */,
				607FACE81AFB9204008FA782 /* Tests */,
				607FACD11AFB9204008FA782 /* Products */,
				D64CB1419A94862360C6B2DE /* Pods */,
				D97C378C40ED2AD208CD37B7 /* Frameworks */,
			);
			sourceTree = "<group>";
		};
		607FACD11AFB9204008FA782 /* Products */ = {
			isa = PBXGroup;
			children = (
				607FACD01AFB9204008FA782 /* SwiftLeeTools_Example.app */,
				607FACE51AFB9204008FA782 /* SwiftLeeTools_Tests.xctest */,
			);
			name = Products;
			sourceTree = "<group>";
		};
		607FACD21AFB9204008FA782 /* Example for SwiftLeeTools */ = {
			isa = PBXGroup;
			children = (
				B0764BAE242EFCBE0047FE54 /* PDFKit */,
				B0764BA9242EFCB80047FE54 /* RealmDB */,
				B0764BA6242EFCA70047FE54 /* Crypto */,
				B0580C5523A0CE8600506737 /* Network */,
				B0D9B76A239DCFCD005CB4FA /* segmentView */,
				B0D9B767239DCFC9005CB4FA /* search+tableview */,
				B0D9B764239DCFC7005CB4FA /* AVPlayer */,
				B0D9B761239DCFC3005CB4FA /* ShowFilterView */,
				B04ECC79238D28990068957D /* keychain */,
				B04ECC77238D28990068957D /* localNoti */,
				B04ECC70238D28990068957D /* menu */,
				B04ECC6D238D28990068957D /* normalView */,
				B04ECC68238D28990068957D /* pickerView */,
				B04ECC66238D28990068957D /* request */,
				B04ECC62238D28980068957D /* String */,
				B04ECC64238D28990068957D /* verify */,
				B04ECC57238D28900068957D /* dataHelp */,
				B04ECC59238D28900068957D /* deviceInfo */,
				B04ECC5B238D28900068957D /* image */,
				607FACD51AFB9204008FA782 /* AppDelegate.swift */,
				607FACD71AFB9204008FA782 /* ViewController.swift */,
				B0764BB1242EFE200047FE54 /* Main.storyboard */,
				607FACDC1AFB9204008FA782 /* Images.xcassets */,
				607FACDE1AFB9204008FA782 /* LaunchScreen.xib */,
				607FACD31AFB9204008FA782 /* Supporting Files */,
			);
			name = "Example for SwiftLeeTools";
			path = SwiftLeeTools;
			sourceTree = "<group>";
		};
		607FACD31AFB9204008FA782 /* Supporting Files */ = {
			isa = PBXGroup;
			children = (
				607FACD41AFB9204008FA782 /* Info.plist */,
			);
			name = "Supporting Files";
			sourceTree = "<group>";
		};
		607FACE81AFB9204008FA782 /* Tests */ = {
			isa = PBXGroup;
			children = (
				607FACEB1AFB9204008FA782 /* Tests.swift */,
				607FACE91AFB9204008FA782 /* Supporting Files */,
			);
			path = Tests;
			sourceTree = "<group>";
		};
		607FACE91AFB9204008FA782 /* Supporting Files */ = {
			isa = PBXGroup;
			children = (
				607FACEA1AFB9204008FA782 /* Info.plist */,
			);
			name = "Supporting Files";
			sourceTree = "<group>";
		};
		607FACF51AFB993E008FA782 /* Podspec Metadata */ = {
			isa = PBXGroup;
			children = (
				6AA6A54ADA9AEAC2E9E13DB8 /* SwiftLeeTools.podspec */,
				03C2BC4490E296939E32771F /* README.md */,
				82C20FB9D9821A6FF5DFB687 /* LICENSE */,
			);
			name = "Podspec Metadata";
			sourceTree = "<group>";
		};
		B04ECC57238D28900068957D /* dataHelp */ = {
			isa = PBXGroup;
			children = (
				B04ECC58238D28900068957D /* DateHelpViewController.swift */,
			);
			path = dataHelp;
			sourceTree = "<group>";
		};
		B04ECC59238D28900068957D /* deviceInfo */ = {
			isa = PBXGroup;
			children = (
				B04ECC5A238D28900068957D /* ShowDeviceInfoViewController.swift */,
			);
			path = deviceInfo;
			sourceTree = "<group>";
		};
		B04ECC5B238D28900068957D /* image */ = {
			isa = PBXGroup;
			children = (
				B04ECC5C238D28900068957D /* ShowNetImageViewController.swift */,
				B04ECC5D238D28900068957D /* ShowLocalImageViewController.swift */,
			);
			path = image;
			sourceTree = "<group>";
		};
		B04ECC62238D28980068957D /* String */ = {
			isa = PBXGroup;
			children = (
				B04ECC63238D28980068957D /* StringViewController.swift */,
			);
			path = String;
			sourceTree = "<group>";
		};
		B04ECC64238D28990068957D /* verify */ = {
			isa = PBXGroup;
			children = (
				B04ECC65238D28990068957D /* VerifyDataViewController.swift */,
			);
			path = verify;
			sourceTree = "<group>";
		};
		B04ECC66238D28990068957D /* request */ = {
			isa = PBXGroup;
			children = (
				B04ECC67238D28990068957D /* RequestViewController.swift */,
			);
			path = request;
			sourceTree = "<group>";
		};
		B04ECC68238D28990068957D /* pickerView */ = {
			isa = PBXGroup;
			children = (
				B04ECC69238D28990068957D /* Area.plist */,
				B04ECC6A238D28990068957D /* Province.plist */,
				B04ECC6B238D28990068957D /* ShowPickerViewController.swift */,
				B04ECC6C238D28990068957D /* City.plist */,
			);
			path = pickerView;
			sourceTree = "<group>";
		};
		B04ECC6D238D28990068957D /* normalView */ = {
			isa = PBXGroup;
			children = (
				B04ECC6E238D28990068957D /* ShowMyViewViewController.swift */,
				B04ECC6F238D28990068957D /* ShowMyViewDetailViewController.swift */,
			);
			path = normalView;
			sourceTree = "<group>";
		};
		B04ECC70238D28990068957D /* menu */ = {
			isa = PBXGroup;
			children = (
				B04ECC71238D28990068957D /* MyScrollViewController.swift */,
				B04ECC72238D28990068957D /* MyListMenuViewController.swift */,
				B04ECC73238D28990068957D /* MyWebViewController.swift */,
				B04ECC74238D28990068957D /* MytableViewViewController.swift */,
				B04ECC75238D28990068957D /* MyAutoTableViewController.swift */,
				B04ECC76238D28990068957D /* MyMenuViewController.swift */,
			);
			path = menu;
			sourceTree = "<group>";
		};
		B04ECC77238D28990068957D /* localNoti */ = {
			isa = PBXGroup;
			children = (
				B04ECC78238D28990068957D /* ShowLocalNotiViewController.swift */,
			);
			path = localNoti;
			sourceTree = "<group>";
		};
		B04ECC79238D28990068957D /* keychain */ = {
			isa = PBXGroup;
			children = (
				B04ECC7A238D28990068957D /* KeyChainViewController.swift */,
			);
			path = keychain;
			sourceTree = "<group>";
		};
		B0580C5523A0CE8600506737 /* Network */ = {
			isa = PBXGroup;
			children = (
				B0580C5623A0CE8600506737 /* ShowMyNetWorkViewController.swift */,
			);
			path = Network;
			sourceTree = "<group>";
		};
		B0764BA6242EFCA70047FE54 /* Crypto */ = {
			isa = PBXGroup;
			children = (
				B0764BA7242EFCA70047FE54 /* CryptoViewController.swift */,
			);
			path = Crypto;
			sourceTree = "<group>";
		};
		B0764BA9242EFCB80047FE54 /* RealmDB */ = {
			isa = PBXGroup;
			children = (
				B0764BAA242EFCB80047FE54 /* RealmDBWirhJSONViewController.swift */,
				B0764BAB242EFCB80047FE54 /* RealmDBViewController.swift */,
			);
			path = RealmDB;
			sourceTree = "<group>";
		};
		B0764BAE242EFCBE0047FE54 /* PDFKit */ = {
			isa = PBXGroup;
			children = (
				B0764BAF242EFCBE0047FE54 /* ShowPDFViewController.swift */,
			);
			path = PDFKit;
			sourceTree = "<group>";
		};
		B0D9B761239DCFC3005CB4FA /* ShowFilterView */ = {
			isa = PBXGroup;
			children = (
				B0D9B762239DCFC3005CB4FA /* ShowFilterViewController.swift */,
			);
			path = ShowFilterView;
			sourceTree = "<group>";
		};
		B0D9B764239DCFC7005CB4FA /* AVPlayer */ = {
			isa = PBXGroup;
			children = (
				B0D9B765239DCFC7005CB4FA /* ShowAVPlayerViewController.swift */,
			);
			path = AVPlayer;
			sourceTree = "<group>";
		};
		B0D9B767239DCFC9005CB4FA /* search+tableview */ = {
			isa = PBXGroup;
			children = (
				B0D9B768239DCFC9005CB4FA /* ShowMySearchAndTableViewController.swift */,
			);
			path = "search+tableview";
			sourceTree = "<group>";
		};
		B0D9B76A239DCFCD005CB4FA /* segmentView */ = {
			isa = PBXGroup;
			children = (
				B0D9B76B239DCFCD005CB4FA /* ShowSegmentViewController.swift */,
				B0D9B76C239DCFCD005CB4FA /* ListBaseViewController.swift */,
				B0764BB6242F31040047FE54 /* ListBaseUIViewController.swift */,
			);
			path = segmentView;
			sourceTree = "<group>";
		};
		D64CB1419A94862360C6B2DE /* Pods */ = {
			isa = PBXGroup;
			children = (
				80D62711FD6A8A936B5BAE11 /* Pods-SwiftLeeTools_Example.debug.xcconfig */,
				37CA9A3F5A642ECBB94331FD /* Pods-SwiftLeeTools_Example.release.xcconfig */,
				7840398C573A9D890B82CA7A /* Pods-SwiftLeeTools_Tests.debug.xcconfig */,
				06F087BD3BFA2CC36761ACFE /* Pods-SwiftLeeTools_Tests.release.xcconfig */,
			);
			path = Pods;
			sourceTree = "<group>";
		};
		D97C378C40ED2AD208CD37B7 /* Frameworks */ = {
			isa = PBXGroup;
			children = (
				8BFDEBA26B22B70D9D86C8ED /* Pods_SwiftLeeTools_Example.framework */,
				9BD62F66B5F77A642C7273C1 /* Pods_SwiftLeeTools_Tests.framework */,
			);
			name = Frameworks;
			sourceTree = "<group>";
		};
/* End PBXGroup section */

/* Begin PBXNativeTarget section */
		607FACCF1AFB9204008FA782 /* SwiftLeeTools_Example */ = {
			isa = PBXNativeTarget;
			buildConfigurationList = 607FACEF1AFB9204008FA782 /* Build configuration list for PBXNativeTarget "SwiftLeeTools_Example" */;
			buildPhases = (
				E4B2BE263575518EFC8BA715 /* [CP] Check Pods Manifest.lock */,
				607FACCC1AFB9204008FA782 /* Sources */,
				607FACCD1AFB9204008FA782 /* Frameworks */,
				607FACCE1AFB9204008FA782 /* Resources */,
				743C69AEB4F033D22BBB5DBD /* [CP] Embed Pods Frameworks */,
			);
			buildRules = (
			);
			dependencies = (
			);
			name = SwiftLeeTools_Example;
			productName = SwiftLeeTools;
			productReference = 607FACD01AFB9204008FA782 /* SwiftLeeTools_Example.app */;
			productType = "com.apple.product-type.application";
		};
		607FACE41AFB9204008FA782 /* SwiftLeeTools_Tests */ = {
			isa = PBXNativeTarget;
			buildConfigurationList = 607FACF21AFB9204008FA782 /* Build configuration list for PBXNativeTarget "SwiftLeeTools_Tests" */;
			buildPhases = (
				72EF6D680F69A4C7E8A1BA86 /* [CP] Check Pods Manifest.lock */,
				607FACE11AFB9204008FA782 /* Sources */,
				607FACE21AFB9204008FA782 /* Frameworks */,
				607FACE31AFB9204008FA782 /* Resources */,
			);
			buildRules = (
			);
			dependencies = (
				607FACE71AFB9204008FA782 /* PBXTargetDependency */,
			);
			name = SwiftLeeTools_Tests;
			productName = Tests;
			productReference = 607FACE51AFB9204008FA782 /* SwiftLeeTools_Tests.xctest */;
			productType = "com.apple.product-type.bundle.unit-test";
		};
/* End PBXNativeTarget section */

/* Begin PBXProject section */
		607FACC81AFB9204008FA782 /* Project object */ = {
			isa = PBXProject;
			attributes = {
				LastSwiftUpdateCheck = 0830;
				LastUpgradeCheck = 0830;
				ORGANIZATIONNAME = CocoaPods;
				TargetAttributes = {
					607FACCF1AFB9204008FA782 = {
						CreatedOnToolsVersion = 6.3.1;
						LastSwiftMigration = 0900;
					};
					607FACE41AFB9204008FA782 = {
						CreatedOnToolsVersion = 6.3.1;
						LastSwiftMigration = 0900;
						TestTargetID = 607FACCF1AFB9204008FA782;
					};
				};
			};
			buildConfigurationList = 607FACCB1AFB9204008FA782 /* Build configuration list for PBXProject "SwiftLeeTools" */;
			compatibilityVersion = "Xcode 3.2";
			developmentRegion = English;
			hasScannedForEncodings = 0;
			knownRegions = (
				English,
				en,
				Base,
			);
			mainGroup = 607FACC71AFB9204008FA782;
			productRefGroup = 607FACD11AFB9204008FA782 /* Products */;
			projectDirPath = "";
			projectRoot = "";
			targets = (
				607FACCF1AFB9204008FA782 /* SwiftLeeTools_Example */,
				607FACE41AFB9204008FA782 /* SwiftLeeTools_Tests */,
			);
		};
/* End PBXProject section */

/* Begin PBXResourcesBuildPhase section */
		607FACCE1AFB9204008FA782 /* Resources */ = {
			isa = PBXResourcesBuildPhase;
			buildActionMask = 2147483647;
			files = (
				B0764BB2242EFE200047FE54 /* Main.storyboard in Resources */,
				B04ECC81238D28990068957D /* City.plist in Resources */,
				B0764BB4242EFFCC0047FE54 /* 未命名.gif in Resources */,
				B04ECC7E238D28990068957D /* Area.plist in Resources */,
				607FACE01AFB9204008FA782 /* LaunchScreen.xib in Resources */,
				607FACDD1AFB9204008FA782 /* Images.xcassets in Resources */,
				B04ECC7F238D28990068957D /* Province.plist in Resources */,
			);
			runOnlyForDeploymentPostprocessing = 0;
		};
		607FACE31AFB9204008FA782 /* Resources */ = {
			isa = PBXResourcesBuildPhase;
			buildActionMask = 2147483647;
			files = (
			);
			runOnlyForDeploymentPostprocessing = 0;
		};
/* End PBXResourcesBuildPhase section */

/* Begin PBXShellScriptBuildPhase section */
		72EF6D680F69A4C7E8A1BA86 /* [CP] Check Pods Manifest.lock */ = {
			isa = PBXShellScriptBuildPhase;
			buildActionMask = 2147483647;
			files = (
			);
			inputFileListPaths = (
			);
			inputPaths = (
				"${PODS_PODFILE_DIR_PATH}/Podfile.lock",
				"${PODS_ROOT}/Manifest.lock",
			);
			name = "[CP] Check Pods Manifest.lock";
			outputFileListPaths = (
			);
			outputPaths = (
				"$(DERIVED_FILE_DIR)/Pods-SwiftLeeTools_Tests-checkManifestLockResult.txt",
			);
			runOnlyForDeploymentPostprocessing = 0;
			shellPath = /bin/sh;
			shellScript = "diff \"${PODS_PODFILE_DIR_PATH}/Podfile.lock\" \"${PODS_ROOT}/Manifest.lock\" > /dev/null\nif [ $? != 0 ] ; then\n    # print error to STDERR\n    echo \"error: The sandbox is not in sync with the Podfile.lock. Run 'pod install' or update your CocoaPods installation.\" >&2\n    exit 1\nfi\n# This output is used by Xcode 'outputs' to avoid re-running this script phase.\necho \"SUCCESS\" > \"${SCRIPT_OUTPUT_FILE_0}\"\n";
			showEnvVarsInLog = 0;
		};
		743C69AEB4F033D22BBB5DBD /* [CP] Embed Pods Frameworks */ = {
			isa = PBXShellScriptBuildPhase;
			buildActionMask = 2147483647;
			files = (
			);
			inputPaths = (
				"${PODS_ROOT}/Target Support Files/Pods-SwiftLeeTools_Example/Pods-SwiftLeeTools_Example-frameworks.sh",
				"${BUILT_PRODUCTS_DIR}/Alamofire/Alamofire.framework",
				"${BUILT_PRODUCTS_DIR}/AlamofireImage/AlamofireImage.framework",
				"${BUILT_PRODUCTS_DIR}/CryptoSwift/CryptoSwift.framework",
				"${BUILT_PRODUCTS_DIR}/DeviceKit/DeviceKit.framework",
				"${BUILT_PRODUCTS_DIR}/IQKeyboardManagerSwift/IQKeyboardManagerSwift.framework",
				"${BUILT_PRODUCTS_DIR}/ImageSlideshow/ImageSlideshow.framework",
				"${BUILT_PRODUCTS_DIR}/JXSegmentedView/JXSegmentedView.framework",
				"${BUILT_PRODUCTS_DIR}/MJRefresh/MJRefresh.framework",
				"${BUILT_PRODUCTS_DIR}/QorumLogs/QorumLogs.framework",
				"${BUILT_PRODUCTS_DIR}/ReachabilitySwift/Reachability.framework",
				"${BUILT_PRODUCTS_DIR}/Realm/Realm.framework",
				"${BUILT_PRODUCTS_DIR}/RealmSwift/RealmSwift.framework",
				"${BUILT_PRODUCTS_DIR}/SnapKit/SnapKit.framework",
				"${BUILT_PRODUCTS_DIR}/SwiftDate/SwiftDate.framework",
				"${BUILT_PRODUCTS_DIR}/SwiftLeeTools/SwiftLeeTools.framework",
				"${BUILT_PRODUCTS_DIR}/SwiftyJSON/SwiftyJSON.framework",
			);
			name = "[CP] Embed Pods Frameworks";
			outputPaths = (
				"${TARGET_BUILD_DIR}/${FRAMEWORKS_FOLDER_PATH}/Alamofire.framework",
				"${TARGET_BUILD_DIR}/${FRAMEWORKS_FOLDER_PATH}/AlamofireImage.framework",
				"${TARGET_BUILD_DIR}/${FRAMEWORKS_FOLDER_PATH}/CryptoSwift.framework",
				"${TARGET_BUILD_DIR}/${FRAMEWORKS_FOLDER_PATH}/DeviceKit.framework",
				"${TARGET_BUILD_DIR}/${FRAMEWORKS_FOLDER_PATH}/IQKeyboardManagerSwift.framework",
				"${TARGET_BUILD_DIR}/${FRAMEWORKS_FOLDER_PATH}/ImageSlideshow.framework",
				"${TARGET_BUILD_DIR}/${FRAMEWORKS_FOLDER_PATH}/JXSegmentedView.framework",
				"${TARGET_BUILD_DIR}/${FRAMEWORKS_FOLDER_PATH}/MJRefresh.framework",
				"${TARGET_BUILD_DIR}/${FRAMEWORKS_FOLDER_PATH}/QorumLogs.framework",
				"${TARGET_BUILD_DIR}/${FRAMEWORKS_FOLDER_PATH}/Reachability.framework",
				"${TARGET_BUILD_DIR}/${FRAMEWORKS_FOLDER_PATH}/Realm.framework",
				"${TARGET_BUILD_DIR}/${FRAMEWORKS_FOLDER_PATH}/RealmSwift.framework",
				"${TARGET_BUILD_DIR}/${FRAMEWORKS_FOLDER_PATH}/SnapKit.framework",
				"${TARGET_BUILD_DIR}/${FRAMEWORKS_FOLDER_PATH}/SwiftDate.framework",
				"${TARGET_BUILD_DIR}/${FRAMEWORKS_FOLDER_PATH}/SwiftLeeTools.framework",
				"${TARGET_BUILD_DIR}/${FRAMEWORKS_FOLDER_PATH}/SwiftyJSON.framework",
			);
			runOnlyForDeploymentPostprocessing = 0;
			shellPath = /bin/sh;
			shellScript = "\"${PODS_ROOT}/Target Support Files/Pods-SwiftLeeTools_Example/Pods-SwiftLeeTools_Example-frameworks.sh\"\n";
			showEnvVarsInLog = 0;
		};
		E4B2BE263575518EFC8BA715 /* [CP] Check Pods Manifest.lock */ = {
			isa = PBXShellScriptBuildPhase;
			buildActionMask = 2147483647;
			files = (
			);
			inputFileListPaths = (
			);
			inputPaths = (
				"${PODS_PODFILE_DIR_PATH}/Podfile.lock",
				"${PODS_ROOT}/Manifest.lock",
			);
			name = "[CP] Check Pods Manifest.lock";
			outputFileListPaths = (
			);
			outputPaths = (
				"$(DERIVED_FILE_DIR)/Pods-SwiftLeeTools_Example-checkManifestLockResult.txt",
			);
			runOnlyForDeploymentPostprocessing = 0;
			shellPath = /bin/sh;
			shellScript = "diff \"${PODS_PODFILE_DIR_PATH}/Podfile.lock\" \"${PODS_ROOT}/Manifest.lock\" > /dev/null\nif [ $? != 0 ] ; then\n    # print error to STDERR\n    echo \"error: The sandbox is not in sync with the Podfile.lock. Run 'pod install' or update your CocoaPods installation.\" >&2\n    exit 1\nfi\n# This output is used by Xcode 'outputs' to avoid re-running this script phase.\necho \"SUCCESS\" > \"${SCRIPT_OUTPUT_FILE_0}\"\n";
			showEnvVarsInLog = 0;
		};
/* End PBXShellScriptBuildPhase section */

/* Begin PBXSourcesBuildPhase section */
		607FACCC1AFB9204008FA782 /* Sources */ = {
			isa = PBXSourcesBuildPhase;
			buildActionMask = 2147483647;
			files = (
				B0D9B76E239DCFCD005CB4FA /* ListBaseViewController.swift in Sources */,
				B04ECC82238D28990068957D /* ShowMyViewViewController.swift in Sources */,
				B04ECC86238D28990068957D /* MyWebViewController.swift in Sources */,
				B04ECC87238D28990068957D /* MytableViewViewController.swift in Sources */,
				B0D9B769239DCFC9005CB4FA /* ShowMySearchAndTableViewController.swift in Sources */,
				607FACD81AFB9204008FA782 /* ViewController.swift in Sources */,
				B0D9B76D239DCFCD005CB4FA /* ShowSegmentViewController.swift in Sources */,
				B04ECC5F238D28900068957D /* ShowDeviceInfoViewController.swift in Sources */,
				B0764BAC242EFCB80047FE54 /* RealmDBWirhJSONViewController.swift in Sources */,
				B0764BAD242EFCB80047FE54 /* RealmDBViewController.swift in Sources */,
				B04ECC83238D28990068957D /* ShowMyViewDetailViewController.swift in Sources */,
				B04ECC8B238D28990068957D /* KeyChainViewController.swift in Sources */,
				607FACD61AFB9204008FA782 /* AppDelegate.swift in Sources */,
				B04ECC80238D28990068957D /* ShowPickerViewController.swift in Sources */,
				B04ECC7B238D28990068957D /* StringViewController.swift in Sources */,
				B0D9B766239DCFC7005CB4FA /* ShowAVPlayerViewController.swift in Sources */,
				B0580C5723A0CE8600506737 /* ShowMyNetWorkViewController.swift in Sources */,
				B04ECC61238D28900068957D /* ShowLocalImageViewController.swift in Sources */,
				B04ECC88238D28990068957D /* MyAutoTableViewController.swift in Sources */,
				B0764BA8242EFCA80047FE54 /* CryptoViewController.swift in Sources */,
				B04ECC7D238D28990068957D /* RequestViewController.swift in Sources */,
				B04ECC60238D28900068957D /* ShowNetImageViewController.swift in Sources */,
				B0D9B763239DCFC3005CB4FA /* ShowFilterViewController.swift in Sources */,
				B04ECC84238D28990068957D /* MyScrollViewController.swift in Sources */,
				B0764BB0242EFCBE0047FE54 /* ShowPDFViewController.swift in Sources */,
				B04ECC5E238D28900068957D /* DateHelpViewController.swift in Sources */,
				B04ECC89238D28990068957D /* MyMenuViewController.swift in Sources */,
				B04ECC7C238D28990068957D /* VerifyDataViewController.swift in Sources */,
				B04ECC85238D28990068957D /* MyListMenuViewController.swift in Sources */,
				B0764BB7242F31040047FE54 /* ListBaseUIViewController.swift in Sources */,
				B04ECC8A238D28990068957D /* ShowLocalNotiViewController.swift in Sources */,
			);
			runOnlyForDeploymentPostprocessing = 0;
		};
		607FACE11AFB9204008FA782 /* Sources */ = {
			isa = PBXSourcesBuildPhase;
			buildActionMask = 2147483647;
			files = (
				607FACEC1AFB9204008FA782 /* Tests.swift in Sources */,
			);
			runOnlyForDeploymentPostprocessing = 0;
		};
/* End PBXSourcesBuildPhase section */

/* Begin PBXTargetDependency section */
		607FACE71AFB9204008FA782 /* PBXTargetDependency */ = {
			isa = PBXTargetDependency;
			target = 607FACCF1AFB9204008FA782 /* SwiftLeeTools_Example */;
			targetProxy = 607FACE61AFB9204008FA782 /* PBXContainerItemProxy */;
		};
/* End PBXTargetDependency section */

/* Begin PBXVariantGroup section */
		607FACDE1AFB9204008FA782 /* LaunchScreen.xib */ = {
			isa = PBXVariantGroup;
			children = (
				607FACDF1AFB9204008FA782 /* Base */,
			);
			name = LaunchScreen.xib;
			sourceTree = "<group>";
		};
/* End PBXVariantGroup section */

/* Begin XCBuildConfiguration section */
		607FACED1AFB9204008FA782 /* Debug */ = {
			isa = XCBuildConfiguration;
			buildSettings = {
				ALWAYS_SEARCH_USER_PATHS = NO;
				CLANG_CXX_LANGUAGE_STANDARD = "gnu++0x";
				CLANG_CXX_LIBRARY = "libc++";
				CLANG_ENABLE_MODULES = YES;
				CLANG_ENABLE_OBJC_ARC = YES;
				CLANG_WARN_BLOCK_CAPTURE_AUTORELEASING = YES;
				CLANG_WARN_BOOL_CONVERSION = YES;
				CLANG_WARN_COMMA = YES;
				CLANG_WARN_CONSTANT_CONVERSION = YES;
				CLANG_WARN_DIRECT_OBJC_ISA_USAGE = YES_ERROR;
				CLANG_WARN_EMPTY_BODY = YES;
				CLANG_WARN_ENUM_CONVERSION = YES;
				CLANG_WARN_INFINITE_RECURSION = YES;
				CLANG_WARN_INT_CONVERSION = YES;
				CLANG_WARN_NON_LITERAL_NULL_CONVERSION = YES;
				CLANG_WARN_OBJC_LITERAL_CONVERSION = YES;
				CLANG_WARN_OBJC_ROOT_CLASS = YES_ERROR;
				CLANG_WARN_RANGE_LOOP_ANALYSIS = YES;
				CLANG_WARN_STRICT_PROTOTYPES = YES;
				CLANG_WARN_SUSPICIOUS_MOVE = YES;
				CLANG_WARN_UNREACHABLE_CODE = YES;
				CLANG_WARN__DUPLICATE_METHOD_MATCH = YES;
				"CODE_SIGN_IDENTITY[sdk=iphoneos*]" = "iPhone Developer";
				COPY_PHASE_STRIP = NO;
				DEBUG_INFORMATION_FORMAT = "dwarf-with-dsym";
				ENABLE_STRICT_OBJC_MSGSEND = YES;
				ENABLE_TESTABILITY = YES;
				GCC_C_LANGUAGE_STANDARD = gnu99;
				GCC_DYNAMIC_NO_PIC = NO;
				GCC_NO_COMMON_BLOCKS = YES;
				GCC_OPTIMIZATION_LEVEL = 0;
				GCC_PREPROCESSOR_DEFINITIONS = (
					"DEBUG=1",
					"$(inherited)",
				);
				GCC_SYMBOLS_PRIVATE_EXTERN = NO;
				GCC_WARN_64_TO_32_BIT_CONVERSION = YES;
				GCC_WARN_ABOUT_RETURN_TYPE = YES_ERROR;
				GCC_WARN_UNDECLARED_SELECTOR = YES;
				GCC_WARN_UNINITIALIZED_AUTOS = YES_AGGRESSIVE;
				GCC_WARN_UNUSED_FUNCTION = YES;
				GCC_WARN_UNUSED_VARIABLE = YES;
				IPHONEOS_DEPLOYMENT_TARGET = 9.3;
				MTL_ENABLE_DEBUG_INFO = YES;
				ONLY_ACTIVE_ARCH = YES;
				SDKROOT = iphoneos;
				SWIFT_OPTIMIZATION_LEVEL = "-Onone";
			};
			name = Debug;
		};
		607FACEE1AFB9204008FA782 /* Release */ = {
			isa = XCBuildConfiguration;
			buildSettings = {
				ALWAYS_SEARCH_USER_PATHS = NO;
				CLANG_CXX_LANGUAGE_STANDARD = "gnu++0x";
				CLANG_CXX_LIBRARY = "libc++";
				CLANG_ENABLE_MODULES = YES;
				CLANG_ENABLE_OBJC_ARC = YES;
				CLANG_WARN_BLOCK_CAPTURE_AUTORELEASING = YES;
				CLANG_WARN_BOOL_CONVERSION = YES;
				CLANG_WARN_COMMA = YES;
				CLANG_WARN_CONSTANT_CONVERSION = YES;
				CLANG_WARN_DIRECT_OBJC_ISA_USAGE = YES_ERROR;
				CLANG_WARN_EMPTY_BODY = YES;
				CLANG_WARN_ENUM_CONVERSION = YES;
				CLANG_WARN_INFINITE_RECURSION = YES;
				CLANG_WARN_INT_CONVERSION = YES;
				CLANG_WARN_NON_LITERAL_NULL_CONVERSION = YES;
				CLANG_WARN_OBJC_LITERAL_CONVERSION = YES;
				CLANG_WARN_OBJC_ROOT_CLASS = YES_ERROR;
				CLANG_WARN_RANGE_LOOP_ANALYSIS = YES;
				CLANG_WARN_STRICT_PROTOTYPES = YES;
				CLANG_WARN_SUSPICIOUS_MOVE = YES;
				CLANG_WARN_UNREACHABLE_CODE = YES;
				CLANG_WARN__DUPLICATE_METHOD_MATCH = YES;
				"CODE_SIGN_IDENTITY[sdk=iphoneos*]" = "iPhone Developer";
				COPY_PHASE_STRIP = NO;
				DEBUG_INFORMATION_FORMAT = "dwarf-with-dsym";
				ENABLE_NS_ASSERTIONS = NO;
				ENABLE_STRICT_OBJC_MSGSEND = YES;
				GCC_C_LANGUAGE_STANDARD = gnu99;
				GCC_NO_COMMON_BLOCKS = YES;
				GCC_WARN_64_TO_32_BIT_CONVERSION = YES;
				GCC_WARN_ABOUT_RETURN_TYPE = YES_ERROR;
				GCC_WARN_UNDECLARED_SELECTOR = YES;
				GCC_WARN_UNINITIALIZED_AUTOS = YES_AGGRESSIVE;
				GCC_WARN_UNUSED_FUNCTION = YES;
				GCC_WARN_UNUSED_VARIABLE = YES;
				IPHONEOS_DEPLOYMENT_TARGET = 9.3;
				MTL_ENABLE_DEBUG_INFO = NO;
				SDKROOT = iphoneos;
				SWIFT_OPTIMIZATION_LEVEL = "-Owholemodule";
				VALIDATE_PRODUCT = YES;
			};
			name = Release;
		};
		607FACF01AFB9204008FA782 /* Debug */ = {
			isa = XCBuildConfiguration;
			baseConfigurationReference = 80D62711FD6A8A936B5BAE11 /* Pods-SwiftLeeTools_Example.debug.xcconfig */;
			buildSettings = {
				ASSETCATALOG_COMPILER_APPICON_NAME = AppIcon;
				INFOPLIST_FILE = SwiftLeeTools/Info.plist;
				LD_RUNPATH_SEARCH_PATHS = "$(inherited) @executable_path/Frameworks";
				MODULE_NAME = ExampleApp;
				PRODUCT_BUNDLE_IDENTIFIER = "org.cocoapods.demo.$(PRODUCT_NAME:rfc1034identifier)";
				PRODUCT_NAME = "$(TARGET_NAME)";
				SWIFT_SWIFT3_OBJC_INFERENCE = Default;
				SWIFT_VERSION = 5.0;
			};
			name = Debug;
		};
		607FACF11AFB9204008FA782 /* Release */ = {
			isa = XCBuildConfiguration;
			baseConfigurationReference = 37CA9A3F5A642ECBB94331FD /* Pods-SwiftLeeTools_Example.release.xcconfig */;
			buildSettings = {
				ASSETCATALOG_COMPILER_APPICON_NAME = AppIcon;
				INFOPLIST_FILE = SwiftLeeTools/Info.plist;
				LD_RUNPATH_SEARCH_PATHS = "$(inherited) @executable_path/Frameworks";
				MODULE_NAME = ExampleApp;
				PRODUCT_BUNDLE_IDENTIFIER = "org.cocoapods.demo.$(PRODUCT_NAME:rfc1034identifier)";
				PRODUCT_NAME = "$(TARGET_NAME)";
				SWIFT_SWIFT3_OBJC_INFERENCE = Default;
				SWIFT_VERSION = 5.0;
			};
			name = Release;
		};
		607FACF31AFB9204008FA782 /* Debug */ = {
			isa = XCBuildConfiguration;
			baseConfigurationReference = 7840398C573A9D890B82CA7A /* Pods-SwiftLeeTools_Tests.debug.xcconfig */;
			buildSettings = {
				FRAMEWORK_SEARCH_PATHS = (
					"$(PLATFORM_DIR)/Developer/Library/Frameworks",
					"$(inherited)",
				);
				GCC_PREPROCESSOR_DEFINITIONS = (
					"DEBUG=1",
					"$(inherited)",
				);
				INFOPLIST_FILE = Tests/Info.plist;
				LD_RUNPATH_SEARCH_PATHS = "$(inherited) @executable_path/Frameworks @loader_path/Frameworks";
				PRODUCT_BUNDLE_IDENTIFIER = "org.cocoapods.$(PRODUCT_NAME:rfc1034identifier)";
				PRODUCT_NAME = "$(TARGET_NAME)";
				SWIFT_SWIFT3_OBJC_INFERENCE = Default;
				SWIFT_VERSION = 4.0;
				TEST_HOST = "$(BUILT_PRODUCTS_DIR)/SwiftLeeTools_Example.app/SwiftLeeTools_Example";
			};
			name = Debug;
		};
		607FACF41AFB9204008FA782 /* Release */ = {
			isa = XCBuildConfiguration;
			baseConfigurationReference = 06F087BD3BFA2CC36761ACFE /* Pods-SwiftLeeTools_Tests.release.xcconfig */;
			buildSettings = {
				FRAMEWORK_SEARCH_PATHS = (
					"$(PLATFORM_DIR)/Developer/Library/Frameworks",
					"$(inherited)",
				);
				INFOPLIST_FILE = Tests/Info.plist;
				LD_RUNPATH_SEARCH_PATHS = "$(inherited) @executable_path/Frameworks @loader_path/Frameworks";
				PRODUCT_BUNDLE_IDENTIFIER = "org.cocoapods.$(PRODUCT_NAME:rfc1034identifier)";
				PRODUCT_NAME = "$(TARGET_NAME)";
				SWIFT_SWIFT3_OBJC_INFERENCE = Default;
				SWIFT_VERSION = 4.0;
				TEST_HOST = "$(BUILT_PRODUCTS_DIR)/SwiftLeeTools_Example.app/SwiftLeeTools_Example";
			};
			name = Release;
		};
/* End XCBuildConfiguration section */

/* Begin XCConfigurationList section */
		607FACCB1AFB9204008FA782 /* Build configuration list for PBXProject "SwiftLeeTools" */ = {
			isa = XCConfigurationList;
			buildConfigurations = (
				607FACED1AFB9204008FA782 /* Debug */,
				607FACEE1AFB9204008FA782 /* Release */,
			);
			defaultConfigurationIsVisible = 0;
			defaultConfigurationName = Release;
		};
		607FACEF1AFB9204008FA782 /* Build configuration list for PBXNativeTarget "SwiftLeeTools_Example" */ = {
			isa = XCConfigurationList;
			buildConfigurations = (
				607FACF01AFB9204008FA782 /* Debug */,
				607FACF11AFB9204008FA782 /* Release */,
			);
			defaultConfigurationIsVisible = 0;
			defaultConfigurationName = Release;
		};
		607FACF21AFB9204008FA782 /* Build configuration list for PBXNativeTarget "SwiftLeeTools_Tests" */ = {
			isa = XCConfigurationList;
			buildConfigurations = (
				607FACF31AFB9204008FA782 /* Debug */,
				607FACF41AFB9204008FA782 /* Release */,
			);
			defaultConfigurationIsVisible = 0;
			defaultConfigurationName = Release;
		};
/* End XCConfigurationList section */
	};
	rootObject = 607FACC81AFB9204008FA782 /* Project object */;
}
